{
  "name": "stencil-kebab-case-issue",
  "version": "1.0.0",
  "lockfileVersion": 3,
  "requires": true,
  "packages": {
    "": {
      "name": "stencil-kebab-case-issue",
      "version": "1.0.0",
      "license": "MIT",
      "devDependencies": {
        "@rollup/rollup-darwin-arm64": "^4.35.0",
        "@stencil/core": "^4.0.0"
      }
    },
    "node_modules/@rollup/rollup-darwin-arm64": {
      "version": "4.35.0",
      "resolved": "https://registry.npmjs.org/@rollup/rollup-darwin-arm64/-/rollup-darwin-arm64-4.35.0.tgz",
      "integrity": "sha512-Uk+GjOJR6CY844/q6r5DR/6lkPFOw0hjfOIzVx22THJXMxktXG6CbejseJFznU8vHcEBLpiXKY3/6xc+cBm65Q==",
      "cpu": [
        "arm64"
      ],
      "dev": true,
      "license": "MIT",
      "os": [
        "darwin"
      ]
    },
    "node_modules/@rollup/rollup-linux-x64-gnu": {
      "version": "4.34.9",
      "resolved": "https://registry.npmjs.org/@rollup/rollup-linux-x64-gnu/-/rollup-linux-x64-gnu-4.34.9.tgz",
      "integrity": "sha512-FwBHNSOjUTQLP4MG7y6rR6qbGw4MFeQnIBrMe161QGaQoBQLqSUEKlHIiVgF3g/mb3lxlxzJOpIBhaP+C+KP2A==",
      "cpu": [
        "x64"
      ],
      "dev": true,
      "license": "MIT",
      "optional": true,
      "os": [
        "linux"
      ]
    },
    "node_modules/@stencil/core": {
      "version": "4.28.0",
      "resolved": "https://registry.npmjs.org/@stencil/core/-/core-4.28.0.tgz",
      "integrity": "sha512-E7FwEoBQa3Mn39c2lZJVLcXnvGOJ+Sy1kJY/5LE30IO+MLqhCoAPxCIVbcOSN9OnvAMC+4ZveXGQp8bD2n6VFw==",
      "dev": true,
      "license": "MIT",
      "bin": {
        "stencil": "bin/stencil"
      },
      "engines": {
        "node": ">=16.0.0",
        "npm": ">=7.10.0"
      },
      "optionalDependencies": {
        "@rollup/rollup-linux-x64-gnu": "4.34.9"
      }
    }
  }
}
